
Microsoft Visual Studio Solution File, Format Version 12.00
# Visual Studio Version 16
VisualStudioVersion = 16.0.30114.105
MinimumVisualStudioVersion = 10.0.40219.1
Project("{8BC9CEB8-8B4A-11D0-8D11-00A0C91BC942}") = "home_work_27_git", "home_work_27_git\home_work_27_git.vcxproj", "{3B21DB87-94B6-4EC2-B4A1-AC4CFC7D3732}"
EndProject
Global
	GlobalSection(SolutionConfigurationPlatforms) = preSolution
		Debug|x64 = Debug|x64
		Debug|x86 = Debug|x86
		Release|x64 = Release|x64
		Release|x86 = Release|x86
	EndGlobalSection
	GlobalSection(ProjectConfigurationPlatforms) = postSolution
		{3B21DB87-94B6-4EC2-B4A1-AC4CFC7D3732}.Debug|x64.ActiveCfg = Debug|x64
		{3B21DB87-94B6-4EC2-B4A1-AC4CFC7D3732}.Debug|x64.Build.0 = Debug|x64
		{3B21DB87-94B6-4EC2-B4A1-AC4CFC7D3732}.Debug|x86.ActiveCfg = Debug|Win32
		{3B21DB87-94B6-4EC2-B4A1-AC4CFC7D3732}.Debug|x86.Build.0 = Debug|Win32
		{3B21DB87-94B6-4EC2-B4A1-AC4CFC7D3732}.Release|x64.ActiveCfg = Release|x64
		{3B21DB87-94B6-4EC2-B4A1-AC4CFC7D3732}.Release|x64.Build.0 = Release|x64
		{3B21DB87-94B6-4EC2-B4A1-AC4CFC7D3732}.Release|x86.ActiveCfg = Release|Win32
		{3B21DB87-94B6-4EC2-B4A1-AC4CFC7D3732}.Release|x86.Build.0 = Release|Win32
	EndGlobalSection
	GlobalSection(SolutionProperties) = preSolution
		HideSolutionNode = FALSE
	EndGlobalSection
	GlobalSection(ExtensibilityGlobals) = postSolution
		SolutionGuid = {BA00635A-0E11-4FD9-B3DC-F8649AF18B38}
	EndGlobalSection
EndGlobal
